PODS:
  - TDResult (0.1.1)
  - TDWebService (0.1.14):
    - TDResult
  - TDWebServiceAlamofire (4.8.1.1):
    - TDWebService (= 0.1.14)

DEPENDENCIES:
  - TDWebServiceAlamofire (from `../`)

SPEC REPOS:
  https://github.com/cocoapods/specs.git:
    - TDResult
    - TDWebService

EXTERNAL SOURCES:
  TDWebServiceAlamofire:
    :path: "../"

SPEC CHECKSUMS:
  TDResult: 8073c47dc4c99174490bce7a35a782ea97ac3c88
  TDWebService: 7895b64d8ab21f2e8a184393b0c6f733f46d9001
  TDWebServiceAlamofire: b8db19eda64b35745eb73c4c3ca9a1f82e17ef50

PODFILE CHECKSUM: 8d3f501d2916a49060fb266f38a39ab535335c93

COCOAPODS: 1.5.3
